
Microsoft Visual Studio Solution File, Format Version 12.00
# Visual Studio Version 17
VisualStudioVersion = 17.14.36429.23 d17.14
MinimumVisualStudioVersion = 10.0.40219.1
Project("{FAE04EC0-301F-11D3-BF4B-00C04F79EFBC}") = "Yukimi", "Yukimi\Yukimi.csproj", "{B3127D1A-11D3-4CCD-9CEE-10F6E4E316A2}"
EndProject
Global
	GlobalSection(SolutionConfigurationPlatforms) = preSolution
		Debug|Any CPU = Debug|Any CPU
		Release|Any CPU = Release|Any CPU
	EndGlobalSection
	GlobalSection(ProjectConfigurationPlatforms) = postSolution
		{B3127D1A-11D3-4CCD-9CEE-10F6E4E316A2}.Debug|Any CPU.ActiveCfg = Debug|Any CPU
		{B3127D1A-11D3-4CCD-9CEE-10F6E4E316A2}.Debug|Any CPU.Build.0 = Debug|Any CPU
		{B3127D1A-11D3-4CCD-9CEE-10F6E4E316A2}.Release|Any CPU.ActiveCfg = Release|Any CPU
		{B3127D1A-11D3-4CCD-9CEE-10F6E4E316A2}.Release|Any CPU.Build.0 = Release|Any CPU
	EndGlobalSection
	GlobalSection(SolutionProperties) = preSolution
		HideSolutionNode = FALSE
	EndGlobalSection
	GlobalSection(ExtensibilityGlobals) = postSolution
		SolutionGuid = {E56DB21E-C359-4E71-B313-99A4947FA29A}
	EndGlobalSection
EndGlobal
